
Microsoft Visual Studio Solution File, Format Version 12.00
# Visual Studio Version 16
VisualStudioVersion = 16.0.30320.27
MinimumVisualStudioVersion = 10.0.40219.1
Project("{FAE04EC0-301F-11D3-BF4B-00C04F79EFBC}") = "Converter", "Converter\Converter.csproj", "{61CE548B-E334-44D4-A5B4-38DEA969F5E4}"
EndProject
Project("{FAE04EC0-301F-11D3-BF4B-00C04F79EFBC}") = "UnitTestProject", "UnitTestProject\UnitTestProject.csproj", "{3336B982-1929-4E0E-B47A-73604718B272}"
EndProject
Global
	GlobalSection(SolutionConfigurationPlatforms) = preSolution
		Debug|Any CPU = Debug|Any CPU
		Release|Any CPU = Release|Any CPU
	EndGlobalSection
	GlobalSection(ProjectConfigurationPlatforms) = postSolution
		{61CE548B-E334-44D4-A5B4-38DEA969F5E4}.Debug|Any CPU.ActiveCfg = Debug|Any CPU
		{61CE548B-E334-44D4-A5B4-38DEA969F5E4}.Debug|Any CPU.Build.0 = Debug|Any CPU
		{61CE548B-E334-44D4-A5B4-38DEA969F5E4}.Release|Any CPU.ActiveCfg = Release|Any CPU
		{61CE548B-E334-44D4-A5B4-38DEA969F5E4}.Release|Any CPU.Build.0 = Release|Any CPU
		{3336B982-1929-4E0E-B47A-73604718B272}.Debug|Any CPU.ActiveCfg = Debug|Any CPU
		{3336B982-1929-4E0E-B47A-73604718B272}.Debug|Any CPU.Build.0 = Debug|Any CPU
		{3336B982-1929-4E0E-B47A-73604718B272}.Release|Any CPU.ActiveCfg = Release|Any CPU
		{3336B982-1929-4E0E-B47A-73604718B272}.Release|Any CPU.Build.0 = Release|Any CPU
	EndGlobalSection
	GlobalSection(SolutionProperties) = preSolution
		HideSolutionNode = FALSE
	EndGlobalSection
	GlobalSection(ExtensibilityGlobals) = postSolution
		SolutionGuid = {A6E521D4-818E-465C-8B55-E9FB2FE25A3D}
	EndGlobalSection
EndGlobal
